Microsoft Visual Studio Solution File, Format Version 12.00
# Visual Studio Version 17
VisualStudioVersion = 17.5.2.0
MinimumVisualStudioVersion = 10.0.40219.1
Project("{FAE04EC0-301F-11D3-BF4B-00C04F79EFBC}") = "le-ba-ha-lam", "le-ba-ha-lam.csproj", "{4CF06319-2B71-D08F-45CE-E63DE78C7139}"
EndProject
Global
	GlobalSection(SolutionConfigurationPlatforms) = preSolution
		Debug|Any CPU = Debug|Any CPU
		Release|Any CPU = Release|Any CPU
	EndGlobalSection
	GlobalSection(ProjectConfigurationPlatforms) = postSolution
		{4CF06319-2B71-D08F-45CE-E63DE78C7139}.Debug|Any CPU.ActiveCfg = Debug|Any CPU
		{4CF06319-2B71-D08F-45CE-E63DE78C7139}.Debug|Any CPU.Build.0 = Debug|Any CPU
		{4CF06319-2B71-D08F-45CE-E63DE78C7139}.Release|Any CPU.ActiveCfg = Release|Any CPU
		{4CF06319-2B71-D08F-45CE-E63DE78C7139}.Release|Any CPU.Build.0 = Release|Any CPU
	EndGlobalSection
	GlobalSection(SolutionProperties) = preSolution
		HideSolutionNode = FALSE
	EndGlobalSection
	GlobalSection(ExtensibilityGlobals) = postSolution
		SolutionGuid = {11D3DD60-F7D1-48D4-8456-B359CBB3E891}
	EndGlobalSection
EndGlobal
